
Microsoft Visual Studio Solution File, Format Version 12.00
# Visual Studio Version 17
VisualStudioVersion = 17.0.31903.59
MinimumVisualStudioVersion = 10.0.40219.1
Project("{2150E333-8FDC-42A3-9474-1A3956D46DE8}") = "Exc", "Exc", "{3A67BF11-7B71-1B79-8F8D-9917EABD5C52}"
EndProject
Project("{2150E333-8FDC-42A3-9474-1A3956D46DE8}") = "Chapter 5", "Chapter 5", "{9994339D-4858-3071-0C0D-19343E508F6C}"
EndProject
Project("{2150E333-8FDC-42A3-9474-1A3956D46DE8}") = "Ch5Ex1", "Ch5Ex1", "{FC546734-888F-E441-3B91-FD7102BCEBE8}"
EndProject
Project("{FAE04EC0-301F-11D3-BF4B-00C04F79EFBC}") = "ConsoleApp1", "Exc\Chapter 5\Ch5Ex1\ConsoleApp1\ConsoleApp1.csproj", "{DD0F4FA3-C973-40B9-AB42-58B3D3EC531A}"
EndProject
Project("{2150E333-8FDC-42A3-9474-1A3956D46DE8}") = "Ch5Ex4", "Ch5Ex4", "{F5E44391-4649-7196-1F5C-0B3984E867EE}"
EndProject
Project("{FAE04EC0-301F-11D3-BF4B-00C04F79EFBC}") = "ConsoleApp1", "Exc\Chapter 5\Ch5Ex4\ConsoleApp1\ConsoleApp1.csproj", "{A1E07340-5361-4CC2-945F-D8FA07CA3A32}"
EndProject
Project("{FAE04EC0-301F-11D3-BF4B-00C04F79EFBC}") = "Ch5ex5", "Ch5ex5\Ch5ex5.csproj", "{8827AF00-A105-4296-B3F7-44559858154F}"
EndProject
Project("{2150E333-8FDC-42A3-9474-1A3956D46DE8}") = "Ch5Ex5", "Ch5Ex5", "{39E75DAE-EA27-1F09-B98F-E484DF736D9C}"
EndProject
Project("{FAE04EC0-301F-11D3-BF4B-00C04F79EFBC}") = "ConsoleApp1", "Exc\Chapter 5\Ch5Ex5\ConsoleApp1\ConsoleApp1.csproj", "{DF9979C8-0F22-4D46-AD87-428BE146A0E2}"
EndProject
Global
	GlobalSection(SolutionConfigurationPlatforms) = preSolution
		Debug|Any CPU = Debug|Any CPU
		Debug|x64 = Debug|x64
		Debug|x86 = Debug|x86
		Release|Any CPU = Release|Any CPU
		Release|x64 = Release|x64
		Release|x86 = Release|x86
	EndGlobalSection
	GlobalSection(ProjectConfigurationPlatforms) = postSolution
		{DD0F4FA3-C973-40B9-AB42-58B3D3EC531A}.Debug|Any CPU.ActiveCfg = Debug|Any CPU
		{DD0F4FA3-C973-40B9-AB42-58B3D3EC531A}.Debug|Any CPU.Build.0 = Debug|Any CPU
		{DD0F4FA3-C973-40B9-AB42-58B3D3EC531A}.Debug|x64.ActiveCfg = Debug|Any CPU
		{DD0F4FA3-C973-40B9-AB42-58B3D3EC531A}.Debug|x64.Build.0 = Debug|Any CPU
		{DD0F4FA3-C973-40B9-AB42-58B3D3EC531A}.Debug|x86.ActiveCfg = Debug|Any CPU
		{DD0F4FA3-C973-40B9-AB42-58B3D3EC531A}.Debug|x86.Build.0 = Debug|Any CPU
		{DD0F4FA3-C973-40B9-AB42-58B3D3EC531A}.Release|Any CPU.ActiveCfg = Release|Any CPU
		{DD0F4FA3-C973-40B9-AB42-58B3D3EC531A}.Release|Any CPU.Build.0 = Release|Any CPU
		{DD0F4FA3-C973-40B9-AB42-58B3D3EC531A}.Release|x64.ActiveCfg = Release|Any CPU
		{DD0F4FA3-C973-40B9-AB42-58B3D3EC531A}.Release|x64.Build.0 = Release|Any CPU
		{DD0F4FA3-C973-40B9-AB42-58B3D3EC531A}.Release|x86.ActiveCfg = Release|Any CPU
		{DD0F4FA3-C973-40B9-AB42-58B3D3EC531A}.Release|x86.Build.0 = Release|Any CPU
		{A1E07340-5361-4CC2-945F-D8FA07CA3A32}.Debug|Any CPU.ActiveCfg = Debug|Any CPU
		{A1E07340-5361-4CC2-945F-D8FA07CA3A32}.Debug|Any CPU.Build.0 = Debug|Any CPU
		{A1E07340-5361-4CC2-945F-D8FA07CA3A32}.Debug|x64.ActiveCfg = Debug|Any CPU
		{A1E07340-5361-4CC2-945F-D8FA07CA3A32}.Debug|x64.Build.0 = Debug|Any CPU
		{A1E07340-5361-4CC2-945F-D8FA07CA3A32}.Debug|x86.ActiveCfg = Debug|Any CPU
		{A1E07340-5361-4CC2-945F-D8FA07CA3A32}.Debug|x86.Build.0 = Debug|Any CPU
		{A1E07340-5361-4CC2-945F-D8FA07CA3A32}.Release|Any CPU.ActiveCfg = Release|Any CPU
		{A1E07340-5361-4CC2-945F-D8FA07CA3A32}.Release|Any CPU.Build.0 = Release|Any CPU
		{A1E07340-5361-4CC2-945F-D8FA07CA3A32}.Release|x64.ActiveCfg = Release|Any CPU
		{A1E07340-5361-4CC2-945F-D8FA07CA3A32}.Release|x64.Build.0 = Release|Any CPU
		{A1E07340-5361-4CC2-945F-D8FA07CA3A32}.Release|x86.ActiveCfg = Release|Any CPU
		{A1E07340-5361-4CC2-945F-D8FA07CA3A32}.Release|x86.Build.0 = Release|Any CPU
		{8827AF00-A105-4296-B3F7-44559858154F}.Debug|Any CPU.ActiveCfg = Debug|Any CPU
		{8827AF00-A105-4296-B3F7-44559858154F}.Debug|Any CPU.Build.0 = Debug|Any CPU
		{8827AF00-A105-4296-B3F7-44559858154F}.Debug|x64.ActiveCfg = Debug|Any CPU
		{8827AF00-A105-4296-B3F7-44559858154F}.Debug|x64.Build.0 = Debug|Any CPU
		{8827AF00-A105-4296-B3F7-44559858154F}.Debug|x86.ActiveCfg = Debug|Any CPU
		{8827AF00-A105-4296-B3F7-44559858154F}.Debug|x86.Build.0 = Debug|Any CPU
		{8827AF00-A105-4296-B3F7-44559858154F}.Release|Any CPU.ActiveCfg = Release|Any CPU
		{8827AF00-A105-4296-B3F7-44559858154F}.Release|Any CPU.Build.0 = Release|Any CPU
		{8827AF00-A105-4296-B3F7-44559858154F}.Release|x64.ActiveCfg = Release|Any CPU
		{8827AF00-A105-4296-B3F7-44559858154F}.Release|x64.Build.0 = Release|Any CPU
		{8827AF00-A105-4296-B3F7-44559858154F}.Release|x86.ActiveCfg = Release|Any CPU
		{8827AF00-A105-4296-B3F7-44559858154F}.Release|x86.Build.0 = Release|Any CPU
		{DF9979C8-0F22-4D46-AD87-428BE146A0E2}.Debug|Any CPU.ActiveCfg = Debug|Any CPU
		{DF9979C8-0F22-4D46-AD87-428BE146A0E2}.Debug|Any CPU.Build.0 = Debug|Any CPU
		{DF9979C8-0F22-4D46-AD87-428BE146A0E2}.Debug|x64.ActiveCfg = Debug|Any CPU
		{DF9979C8-0F22-4D46-AD87-428BE146A0E2}.Debug|x64.Build.0 = Debug|Any CPU
		{DF9979C8-0F22-4D46-AD87-428BE146A0E2}.Debug|x86.ActiveCfg = Debug|Any CPU
		{DF9979C8-0F22-4D46-AD87-428BE146A0E2}.Debug|x86.Build.0 = Debug|Any CPU
		{DF9979C8-0F22-4D46-AD87-428BE146A0E2}.Release|Any CPU.ActiveCfg = Release|Any CPU
		{DF9979C8-0F22-4D46-AD87-428BE146A0E2}.Release|Any CPU.Build.0 = Release|Any CPU
		{DF9979C8-0F22-4D46-AD87-428BE146A0E2}.Release|x64.ActiveCfg = Release|Any CPU
		{DF9979C8-0F22-4D46-AD87-428BE146A0E2}.Release|x64.Build.0 = Release|Any CPU
		{DF9979C8-0F22-4D46-AD87-428BE146A0E2}.Release|x86.ActiveCfg = Release|Any CPU
		{DF9979C8-0F22-4D46-AD87-428BE146A0E2}.Release|x86.Build.0 = Release|Any CPU
	EndGlobalSection
	GlobalSection(SolutionProperties) = preSolution
		HideSolutionNode = FALSE
	EndGlobalSection
	GlobalSection(NestedProjects) = preSolution
		{9994339D-4858-3071-0C0D-19343E508F6C} = {3A67BF11-7B71-1B79-8F8D-9917EABD5C52}
		{FC546734-888F-E441-3B91-FD7102BCEBE8} = {9994339D-4858-3071-0C0D-19343E508F6C}
		{DD0F4FA3-C973-40B9-AB42-58B3D3EC531A} = {FC546734-888F-E441-3B91-FD7102BCEBE8}
		{F5E44391-4649-7196-1F5C-0B3984E867EE} = {9994339D-4858-3071-0C0D-19343E508F6C}
		{A1E07340-5361-4CC2-945F-D8FA07CA3A32} = {F5E44391-4649-7196-1F5C-0B3984E867EE}
		{39E75DAE-EA27-1F09-B98F-E484DF736D9C} = {9994339D-4858-3071-0C0D-19343E508F6C}
		{DF9979C8-0F22-4D46-AD87-428BE146A0E2} = {39E75DAE-EA27-1F09-B98F-E484DF736D9C}
	EndGlobalSection
EndGlobal
