
Microsoft Visual Studio Solution File, Format Version 12.00
# Visual Studio Version 17
VisualStudioVersion = 17.0.31903.59
MinimumVisualStudioVersion = 10.0.40219.1
Project("{2150E333-8FDC-42A3-9474-1A3956D46DE8}") = "Exc", "Exc", "{3A67BF11-7B71-1B79-8F8D-9917EABD5C52}"
EndProject
Project("{2150E333-8FDC-42A3-9474-1A3956D46DE8}") = "Chapter 5", "Chapter 5", "{9994339D-4858-3071-0C0D-19343E508F6C}"
EndProject
Project("{2150E333-8FDC-42A3-9474-1A3956D46DE8}") = "Ch5Ex1", "Ch5Ex1", "{FC546734-888F-E441-3B91-FD7102BCEBE8}"
EndProject
Project("{FAE04EC0-301F-11D3-BF4B-00C04F79EFBC}") = "ConsoleApp1", "Exc\Chapter 5\Ch5Ex1\ConsoleApp1\ConsoleApp1.csproj", "{DD0F4FA3-C973-40B9-AB42-58B3D3EC531A}"
EndProject
Project("{2150E333-8FDC-42A3-9474-1A3956D46DE8}") = "Ch5Ex4", "Ch5Ex4", "{F5E44391-4649-7196-1F5C-0B3984E867EE}"
EndProject
Project("{FAE04EC0-301F-11D3-BF4B-00C04F79EFBC}") = "ConsoleApp1", "Exc\Chapter 5\Ch5Ex4\ConsoleApp1\ConsoleApp1.csproj", "{A1E07340-5361-4CC2-945F-D8FA07CA3A32}"
EndProject
Project("{FAE04EC0-301F-11D3-BF4B-00C04F79EFBC}") = "Ch5ex5", "Ch5ex5\Ch5ex5.csproj", "{8827AF00-A105-4296-B3F7-44559858154F}"
EndProject
Project("{2150E333-8FDC-42A3-9474-1A3956D46DE8}") = "Ch5Ex5", "Ch5Ex5", "{39E75DAE-EA27-1F09-B98F-E484DF736D9C}"
EndProject
Project("{FAE04EC0-301F-11D3-BF4B-00C04F79EFBC}") = "ConsoleApp1", "Exc\Chapter 5\Ch5Ex5\ConsoleApp1\ConsoleApp1.csproj", "{DF9979C8-0F22-4D46-AD87-428BE146A0E2}"
EndProject
Project("{2150E333-8FDC-42A3-9474-1A3956D46DE8}") = "Chapter 6", "Chapter 6", "{0A2C522F-F9BB-46F8-A3CF-46D09DDAA35E}"
EndProject
Project("{2150E333-8FDC-42A3-9474-1A3956D46DE8}") = "Ch6Ex3", "Ch6Ex3", "{68131E6B-7E78-82A7-C1DD-C5B0E61C7A38}"
EndProject
Project("{FAE04EC0-301F-11D3-BF4B-00C04F79EFBC}") = "ConsoleApp1", "Exc\Chapter 6\Ch6Ex3\ConsoleApp1\ConsoleApp1.csproj", "{AF7B8934-E11A-45B8-99CC-BF40776798DF}"
EndProject
Project("{2150E333-8FDC-42A3-9474-1A3956D46DE8}") = "Ch6Ex11", "Ch6Ex11", "{D79BB21B-0F5E-4F0D-7734-C2B9B7E0DE0A}"
EndProject
Project("{FAE04EC0-301F-11D3-BF4B-00C04F79EFBC}") = "ConsoleApp1", "Exc\Chapter 6\Ch6Ex11\ConsoleApp1\ConsoleApp1.csproj", "{AFCBEAA0-F197-423B-A076-9D998C6D8ABB}"
EndProject
Project("{2150E333-8FDC-42A3-9474-1A3956D46DE8}") = "Excercises", "Excercises", "{98E0BF4F-0CEF-EF17-D79F-E9C11EE9CE91}"
EndProject
Project("{FAE04EC0-301F-11D3-BF4B-00C04F79EFBC}") = "ConsoleApp1", "Exc\Chapter 5\Excercises\ConsoleApp1\ConsoleApp1.csproj", "{01E491A6-48D7-4290-A188-952A0C69DBAD}"
EndProject
Global
	GlobalSection(SolutionConfigurationPlatforms) = preSolution
		Debug|Any CPU = Debug|Any CPU
		Debug|x64 = Debug|x64
		Debug|x86 = Debug|x86
		Release|Any CPU = Release|Any CPU
		Release|x64 = Release|x64
		Release|x86 = Release|x86
	EndGlobalSection
	GlobalSection(ProjectConfigurationPlatforms) = postSolution
		{DD0F4FA3-C973-40B9-AB42-58B3D3EC531A}.Debug|Any CPU.ActiveCfg = Debug|Any CPU
		{DD0F4FA3-C973-40B9-AB42-58B3D3EC531A}.Debug|Any CPU.Build.0 = Debug|Any CPU
		{DD0F4FA3-C973-40B9-AB42-58B3D3EC531A}.Debug|x64.ActiveCfg = Debug|Any CPU
		{DD0F4FA3-C973-40B9-AB42-58B3D3EC531A}.Debug|x64.Build.0 = Debug|Any CPU
		{DD0F4FA3-C973-40B9-AB42-58B3D3EC531A}.Debug|x86.ActiveCfg = Debug|Any CPU
		{DD0F4FA3-C973-40B9-AB42-58B3D3EC531A}.Debug|x86.Build.0 = Debug|Any CPU
		{DD0F4FA3-C973-40B9-AB42-58B3D3EC531A}.Release|Any CPU.ActiveCfg = Release|Any CPU
		{DD0F4FA3-C973-40B9-AB42-58B3D3EC531A}.Release|Any CPU.Build.0 = Release|Any CPU
		{DD0F4FA3-C973-40B9-AB42-58B3D3EC531A}.Release|x64.ActiveCfg = Release|Any CPU
		{DD0F4FA3-C973-40B9-AB42-58B3D3EC531A}.Release|x64.Build.0 = Release|Any CPU
		{DD0F4FA3-C973-40B9-AB42-58B3D3EC531A}.Release|x86.ActiveCfg = Release|Any CPU
		{DD0F4FA3-C973-40B9-AB42-58B3D3EC531A}.Release|x86.Build.0 = Release|Any CPU
		{A1E07340-5361-4CC2-945F-D8FA07CA3A32}.Debug|Any CPU.ActiveCfg = Debug|Any CPU
		{A1E07340-5361-4CC2-945F-D8FA07CA3A32}.Debug|Any CPU.Build.0 = Debug|Any CPU
		{A1E07340-5361-4CC2-945F-D8FA07CA3A32}.Debug|x64.ActiveCfg = Debug|Any CPU
		{A1E07340-5361-4CC2-945F-D8FA07CA3A32}.Debug|x64.Build.0 = Debug|Any CPU
		{A1E07340-5361-4CC2-945F-D8FA07CA3A32}.Debug|x86.ActiveCfg = Debug|Any CPU
		{A1E07340-5361-4CC2-945F-D8FA07CA3A32}.Debug|x86.Build.0 = Debug|Any CPU
		{A1E07340-5361-4CC2-945F-D8FA07CA3A32}.Release|Any CPU.ActiveCfg = Release|Any CPU
		{A1E07340-5361-4CC2-945F-D8FA07CA3A32}.Release|Any CPU.Build.0 = Release|Any CPU
		{A1E07340-5361-4CC2-945F-D8FA07CA3A32}.Release|x64.ActiveCfg = Release|Any CPU
		{A1E07340-5361-4CC2-945F-D8FA07CA3A32}.Release|x64.Build.0 = Release|Any CPU
		{A1E07340-5361-4CC2-945F-D8FA07CA3A32}.Release|x86.ActiveCfg = Release|Any CPU
		{A1E07340-5361-4CC2-945F-D8FA07CA3A32}.Release|x86.Build.0 = Release|Any CPU
		{8827AF00-A105-4296-B3F7-44559858154F}.Debug|Any CPU.ActiveCfg = Debug|Any CPU
		{8827AF00-A105-4296-B3F7-44559858154F}.Debug|Any CPU.Build.0 = Debug|Any CPU
		{8827AF00-A105-4296-B3F7-44559858154F}.Debug|x64.ActiveCfg = Debug|Any CPU
		{8827AF00-A105-4296-B3F7-44559858154F}.Debug|x64.Build.0 = Debug|Any CPU
		{8827AF00-A105-4296-B3F7-44559858154F}.Debug|x86.ActiveCfg = Debug|Any CPU
		{8827AF00-A105-4296-B3F7-44559858154F}.Debug|x86.Build.0 = Debug|Any CPU
		{8827AF00-A105-4296-B3F7-44559858154F}.Release|Any CPU.ActiveCfg = Release|Any CPU
		{8827AF00-A105-4296-B3F7-44559858154F}.Release|Any CPU.Build.0 = Release|Any CPU
		{8827AF00-A105-4296-B3F7-44559858154F}.Release|x64.ActiveCfg = Release|Any CPU
		{8827AF00-A105-4296-B3F7-44559858154F}.Release|x64.Build.0 = Release|Any CPU
		{8827AF00-A105-4296-B3F7-44559858154F}.Release|x86.ActiveCfg = Release|Any CPU
		{8827AF00-A105-4296-B3F7-44559858154F}.Release|x86.Build.0 = Release|Any CPU
		{DF9979C8-0F22-4D46-AD87-428BE146A0E2}.Debug|Any CPU.ActiveCfg = Debug|Any CPU
		{DF9979C8-0F22-4D46-AD87-428BE146A0E2}.Debug|Any CPU.Build.0 = Debug|Any CPU
		{DF9979C8-0F22-4D46-AD87-428BE146A0E2}.Debug|x64.ActiveCfg = Debug|Any CPU
		{DF9979C8-0F22-4D46-AD87-428BE146A0E2}.Debug|x64.Build.0 = Debug|Any CPU
		{DF9979C8-0F22-4D46-AD87-428BE146A0E2}.Debug|x86.ActiveCfg = Debug|Any CPU
		{DF9979C8-0F22-4D46-AD87-428BE146A0E2}.Debug|x86.Build.0 = Debug|Any CPU
		{DF9979C8-0F22-4D46-AD87-428BE146A0E2}.Release|Any CPU.ActiveCfg = Release|Any CPU
		{DF9979C8-0F22-4D46-AD87-428BE146A0E2}.Release|Any CPU.Build.0 = Release|Any CPU
		{DF9979C8-0F22-4D46-AD87-428BE146A0E2}.Release|x64.ActiveCfg = Release|Any CPU
		{DF9979C8-0F22-4D46-AD87-428BE146A0E2}.Release|x64.Build.0 = Release|Any CPU
		{DF9979C8-0F22-4D46-AD87-428BE146A0E2}.Release|x86.ActiveCfg = Release|Any CPU
		{DF9979C8-0F22-4D46-AD87-428BE146A0E2}.Release|x86.Build.0 = Release|Any CPU
		{AF7B8934-E11A-45B8-99CC-BF40776798DF}.Debug|Any CPU.ActiveCfg = Debug|Any CPU
		{AF7B8934-E11A-45B8-99CC-BF40776798DF}.Debug|Any CPU.Build.0 = Debug|Any CPU
		{AF7B8934-E11A-45B8-99CC-BF40776798DF}.Debug|x64.ActiveCfg = Debug|Any CPU
		{AF7B8934-E11A-45B8-99CC-BF40776798DF}.Debug|x64.Build.0 = Debug|Any CPU
		{AF7B8934-E11A-45B8-99CC-BF40776798DF}.Debug|x86.ActiveCfg = Debug|Any CPU
		{AF7B8934-E11A-45B8-99CC-BF40776798DF}.Debug|x86.Build.0 = Debug|Any CPU
		{AF7B8934-E11A-45B8-99CC-BF40776798DF}.Release|Any CPU.ActiveCfg = Release|Any CPU
		{AF7B8934-E11A-45B8-99CC-BF40776798DF}.Release|Any CPU.Build.0 = Release|Any CPU
		{AF7B8934-E11A-45B8-99CC-BF40776798DF}.Release|x64.ActiveCfg = Release|Any CPU
		{AF7B8934-E11A-45B8-99CC-BF40776798DF}.Release|x64.Build.0 = Release|Any CPU
		{AF7B8934-E11A-45B8-99CC-BF40776798DF}.Release|x86.ActiveCfg = Release|Any CPU
		{AF7B8934-E11A-45B8-99CC-BF40776798DF}.Release|x86.Build.0 = Release|Any CPU
		{AFCBEAA0-F197-423B-A076-9D998C6D8ABB}.Debug|Any CPU.ActiveCfg = Debug|Any CPU
		{AFCBEAA0-F197-423B-A076-9D998C6D8ABB}.Debug|Any CPU.Build.0 = Debug|Any CPU
		{AFCBEAA0-F197-423B-A076-9D998C6D8ABB}.Debug|x64.ActiveCfg = Debug|Any CPU
		{AFCBEAA0-F197-423B-A076-9D998C6D8ABB}.Debug|x64.Build.0 = Debug|Any CPU
		{AFCBEAA0-F197-423B-A076-9D998C6D8ABB}.Debug|x86.ActiveCfg = Debug|Any CPU
		{AFCBEAA0-F197-423B-A076-9D998C6D8ABB}.Debug|x86.Build.0 = Debug|Any CPU
		{AFCBEAA0-F197-423B-A076-9D998C6D8ABB}.Release|Any CPU.ActiveCfg = Release|Any CPU
		{AFCBEAA0-F197-423B-A076-9D998C6D8ABB}.Release|Any CPU.Build.0 = Release|Any CPU
		{AFCBEAA0-F197-423B-A076-9D998C6D8ABB}.Release|x64.ActiveCfg = Release|Any CPU
		{AFCBEAA0-F197-423B-A076-9D998C6D8ABB}.Release|x64.Build.0 = Release|Any CPU
		{AFCBEAA0-F197-423B-A076-9D998C6D8ABB}.Release|x86.ActiveCfg = Release|Any CPU
		{AFCBEAA0-F197-423B-A076-9D998C6D8ABB}.Release|x86.Build.0 = Release|Any CPU
		{01E491A6-48D7-4290-A188-952A0C69DBAD}.Debug|Any CPU.ActiveCfg = Debug|Any CPU
		{01E491A6-48D7-4290-A188-952A0C69DBAD}.Debug|Any CPU.Build.0 = Debug|Any CPU
		{01E491A6-48D7-4290-A188-952A0C69DBAD}.Debug|x64.ActiveCfg = Debug|Any CPU
		{01E491A6-48D7-4290-A188-952A0C69DBAD}.Debug|x64.Build.0 = Debug|Any CPU
		{01E491A6-48D7-4290-A188-952A0C69DBAD}.Debug|x86.ActiveCfg = Debug|Any CPU
		{01E491A6-48D7-4290-A188-952A0C69DBAD}.Debug|x86.Build.0 = Debug|Any CPU
		{01E491A6-48D7-4290-A188-952A0C69DBAD}.Release|Any CPU.ActiveCfg = Release|Any CPU
		{01E491A6-48D7-4290-A188-952A0C69DBAD}.Release|Any CPU.Build.0 = Release|Any CPU
		{01E491A6-48D7-4290-A188-952A0C69DBAD}.Release|x64.ActiveCfg = Release|Any CPU
		{01E491A6-48D7-4290-A188-952A0C69DBAD}.Release|x64.Build.0 = Release|Any CPU
		{01E491A6-48D7-4290-A188-952A0C69DBAD}.Release|x86.ActiveCfg = Release|Any CPU
		{01E491A6-48D7-4290-A188-952A0C69DBAD}.Release|x86.Build.0 = Release|Any CPU
	EndGlobalSection
	GlobalSection(SolutionProperties) = preSolution
		HideSolutionNode = FALSE
	EndGlobalSection
	GlobalSection(NestedProjects) = preSolution
		{9994339D-4858-3071-0C0D-19343E508F6C} = {3A67BF11-7B71-1B79-8F8D-9917EABD5C52}
		{FC546734-888F-E441-3B91-FD7102BCEBE8} = {9994339D-4858-3071-0C0D-19343E508F6C}
		{DD0F4FA3-C973-40B9-AB42-58B3D3EC531A} = {FC546734-888F-E441-3B91-FD7102BCEBE8}
		{F5E44391-4649-7196-1F5C-0B3984E867EE} = {9994339D-4858-3071-0C0D-19343E508F6C}
		{A1E07340-5361-4CC2-945F-D8FA07CA3A32} = {F5E44391-4649-7196-1F5C-0B3984E867EE}
		{39E75DAE-EA27-1F09-B98F-E484DF736D9C} = {9994339D-4858-3071-0C0D-19343E508F6C}
		{DF9979C8-0F22-4D46-AD87-428BE146A0E2} = {39E75DAE-EA27-1F09-B98F-E484DF736D9C}
		{0A2C522F-F9BB-46F8-A3CF-46D09DDAA35E} = {3A67BF11-7B71-1B79-8F8D-9917EABD5C52}
		{68131E6B-7E78-82A7-C1DD-C5B0E61C7A38} = {0A2C522F-F9BB-46F8-A3CF-46D09DDAA35E}
		{AF7B8934-E11A-45B8-99CC-BF40776798DF} = {68131E6B-7E78-82A7-C1DD-C5B0E61C7A38}
		{D79BB21B-0F5E-4F0D-7734-C2B9B7E0DE0A} = {0A2C522F-F9BB-46F8-A3CF-46D09DDAA35E}
		{AFCBEAA0-F197-423B-A076-9D998C6D8ABB} = {D79BB21B-0F5E-4F0D-7734-C2B9B7E0DE0A}
		{98E0BF4F-0CEF-EF17-D79F-E9C11EE9CE91} = {9994339D-4858-3071-0C0D-19343E508F6C}
		{01E491A6-48D7-4290-A188-952A0C69DBAD} = {98E0BF4F-0CEF-EF17-D79F-E9C11EE9CE91}
	EndGlobalSection
EndGlobal
