Microsoft Visual Studio Solution File, Format Version 12.00
# Visual Studio Version 17
VisualStudioVersion = 17.5.2.0
MinimumVisualStudioVersion = 10.0.40219.1
Project("{FAE04EC0-301F-11D3-BF4B-00C04F79EFBC}") = "Ch3Ex3", "Ch3Ex3.csproj", "{57DFB8A5-B883-0EB6-BBE9-EF17B78719CB}"
EndProject
Global
	GlobalSection(SolutionConfigurationPlatforms) = preSolution
		Debug|Any CPU = Debug|Any CPU
		Release|Any CPU = Release|Any CPU
	EndGlobalSection
	GlobalSection(ProjectConfigurationPlatforms) = postSolution
		{57DFB8A5-B883-0EB6-BBE9-EF17B78719CB}.Debug|Any CPU.ActiveCfg = Debug|Any CPU
		{57DFB8A5-B883-0EB6-BBE9-EF17B78719CB}.Debug|Any CPU.Build.0 = Debug|Any CPU
		{57DFB8A5-B883-0EB6-BBE9-EF17B78719CB}.Release|Any CPU.ActiveCfg = Release|Any CPU
		{57DFB8A5-B883-0EB6-BBE9-EF17B78719CB}.Release|Any CPU.Build.0 = Release|Any CPU
	EndGlobalSection
	GlobalSection(SolutionProperties) = preSolution
		HideSolutionNode = FALSE
	EndGlobalSection
	GlobalSection(ExtensibilityGlobals) = postSolution
		SolutionGuid = {97539EE9-23A6-4093-AF60-D08C7930D276}
	EndGlobalSection
EndGlobal
